
Microsoft Visual Studio Solution File, Format Version 12.00
# Visual Studio 15
VisualStudioVersion = 15.0.27703.2042
MinimumVisualStudioVersion = 10.0.40219.1
Project("{FAE04EC0-301F-11D3-BF4B-00C04F79EFBC}") = "double_pendulum", "double_pendulum\double_pendulum.csproj", "{FDB70E44-C2DD-46EA-804A-B66C9DCCBF51}"
EndProject
Global
	GlobalSection(SolutionConfigurationPlatforms) = preSolution
		Debug|Any CPU = Debug|Any CPU
		Release|Any CPU = Release|Any CPU
	EndGlobalSection
	GlobalSection(ProjectConfigurationPlatforms) = postSolution
		{FDB70E44-C2DD-46EA-804A-B66C9DCCBF51}.Debug|Any CPU.ActiveCfg = Debug|Any CPU
		{FDB70E44-C2DD-46EA-804A-B66C9DCCBF51}.Debug|Any CPU.Build.0 = Debug|Any CPU
		{FDB70E44-C2DD-46EA-804A-B66C9DCCBF51}.Release|Any CPU.ActiveCfg = Release|Any CPU
		{FDB70E44-C2DD-46EA-804A-B66C9DCCBF51}.Release|Any CPU.Build.0 = Release|Any CPU
	EndGlobalSection
	GlobalSection(SolutionProperties) = preSolution
		HideSolutionNode = FALSE
	EndGlobalSection
	GlobalSection(ExtensibilityGlobals) = postSolution
		SolutionGuid = {3FE8A020-A787-48B4-B3E3-3C65A628F60F}
	EndGlobalSection
EndGlobal
